
Microsoft Visual Studio Solution File, Format Version 12.00
# Visual Studio Version 17
VisualStudioVersion = 17.9.34622.214
MinimumVisualStudioVersion = 10.0.40219.1
Project("{10592D0A-E399-4C94-B933-B3E80F05E373}") = "Valorant Cheat", "Valorant Cheat.vcxproj", "{7C70A85F-5D42-493B-A9D3-71D98EAEB80B}"
EndProject
Global
	GlobalSection(SolutionConfigurationPlatforms) = preSolution
		Debug|x64 = Debug|x64
		Debug|x86 = Debug|x86
		Release|x64 = Release|x64
		Release|x86 = Release|x86
	EndGlobalSection
	GlobalSection(ProjectConfigurationPlatforms) = postSolution
		{7C70A85F-5D42-493B-A9D3-71D98EAEB80B}.Debug|x64.ActiveCfg = Debug|x64
		{7C70A85F-5D42-493B-A9D3-71D98EAEB80B}.Debug|x64.Build.0 = Debug|x64
		{7C70A85F-5D42-493B-A9D3-71D98EAEB80B}.Debug|x86.ActiveCfg = Debug|Win32
		{7C70A85F-5D42-493B-A9D3-71D98EAEB80B}.Debug|x86.Build.0 = Debug|Win32
		{7C70A85F-5D42-493B-A9D3-71D98EAEB80B}.Release|x64.ActiveCfg = Release|x64
		{7C70A85F-5D42-493B-A9D3-71D98EAEB80B}.Release|x64.Build.0 = Release|x64
		{7C70A85F-5D42-493B-A9D3-71D98EAEB80B}.Release|x86.ActiveCfg = Release|Win32
		{7C70A85F-5D42-493B-A9D3-71D98EAEB80B}.Release|x86.Build.0 = Release|Win32
	EndGlobalSection
	GlobalSection(SolutionProperties) = preSolution
		HideSolutionNode = FALSE
	EndGlobalSection
	GlobalSection(ExtensibilityGlobals) = postSolution
		SolutionGuid = {109168C1-50E9-4F60-8845-98126DE7167D}
	EndGlobalSection
EndGlobal
